// !$*UTF8*$!
{
	archiveVersion = 1;
	classes = {
	};
	objectVersion = 56;
	objects = {

/* Begin PBXBuildFile section */
		083A2A932A1E39D100C6F8E8 /* CircularProgress.swift in Sources */ = {isa = PBXBuildFile; fileRef = 083A2A922A1E39D100C6F8E8 /* CircularProgress.swift */; };
		083A2A952A1E526F00C6F8E8 /* SongSheet.swift in Sources */ = {isa = PBXBuildFile; fileRef = 083A2A942A1E526F00C6F8E8 /* SongSheet.swift */; };
		089275412A1BAA9200D5AC92 /* ClockAppApp.swift in Sources */ = {isa = PBXBuildFile; fileRef = 089275402A1BAA9200D5AC92 /* ClockAppApp.swift */; };
		089275432A1BAA9200D5AC92 /* ContentView.swift in Sources */ = {isa = PBXBuildFile; fileRef = 089275422A1BAA9200D5AC92 /* ContentView.swift */; };
		089275452A1BAA9300D5AC92 /* Assets.xcassets in Resources */ = {isa = PBXBuildFile; fileRef = 089275442A1BAA9300D5AC92 /* Assets.xcassets */; };
		089275482A1BAA9300D5AC92 /* Preview Assets.xcassets in Resources */ = {isa = PBXBuildFile; fileRef = 089275472A1BAA9300D5AC92 /* Preview Assets.xcassets */; };
		08A0B17D2A24ECBB001E1999 /* Stopwatch.swift in Sources */ = {isa = PBXBuildFile; fileRef = 08A0B17C2A24ECBB001E1999 /* Stopwatch.swift */; };
		08C97D6D2A1CFC7D0072880F /* TimerFunctionality.swift in Sources */ = {isa = PBXBuildFile; fileRef = 0806E6042A1CD9F300A1EA04 /* TimerFunctionality.swift */; };
		61426BE62A1D07980007349C /* AlarmeView.swift in Sources */ = {isa = PBXBuildFile; fileRef = 61426BE52A1D07980007349C /* AlarmeView.swift */; };
		61426BED2A1F8AC20007349C /* AdicionarAlarme.swift in Sources */ = {isa = PBXBuildFile; fileRef = 61426BEC2A1F8AC20007349C /* AdicionarAlarme.swift */; };
		61426BEF2A20F9180007349C /* DiasDaSemana.swift in Sources */ = {isa = PBXBuildFile; fileRef = 61426BEE2A20F9180007349C /* DiasDaSemana.swift */; };
		61426BF12A20FADE0007349C /* ListaSons.swift in Sources */ = {isa = PBXBuildFile; fileRef = 61426BF02A20FADE0007349C /* ListaSons.swift */; };
		D94CABE72A1E49010094B28D /* Relogio.swift in Sources */ = {isa = PBXBuildFile; fileRef = D94CABE62A1E49010094B28D /* Relogio.swift */; };
		D97E49332A1F767E00CAB3CE /* ListTimeZone.swift in Sources */ = {isa = PBXBuildFile; fileRef = D97E49322A1F767E00CAB3CE /* ListTimeZone.swift */; };
		D9AAB5EF2A210DA90025BE58 /* List.swift in Sources */ = {isa = PBXBuildFile; fileRef = D9AAB5EE2A210DA90025BE58 /* List.swift */; };
/* End PBXBuildFile section */

/* Begin PBXFileReference section */
		0806E6042A1CD9F300A1EA04 /* TimerFunctionality.swift */ = {isa = PBXFileReference; lastKnownFileType = sourcecode.swift; path = TimerFunctionality.swift; sourceTree = "<group>"; };
		083A2A922A1E39D100C6F8E8 /* CircularProgress.swift */ = {isa = PBXFileReference; lastKnownFileType = sourcecode.swift; path = CircularProgress.swift; sourceTree = "<group>"; };
		083A2A942A1E526F00C6F8E8 /* SongSheet.swift */ = {isa = PBXFileReference; lastKnownFileType = sourcecode.swift; path = SongSheet.swift; sourceTree = "<group>"; };
		0892753D2A1BAA9200D5AC92 /* ClockApp.app */ = {isa = PBXFileReference; explicitFileType = wrapper.application; includeInIndex = 0; path = ClockApp.app; sourceTree = BUILT_PRODUCTS_DIR; };
		089275402A1BAA9200D5AC92 /* ClockAppApp.swift */ = {isa = PBXFileReference; lastKnownFileType = sourcecode.swift; path = ClockAppApp.swift; sourceTree = "<group>"; };
		089275422A1BAA9200D5AC92 /* ContentView.swift */ = {isa = PBXFileReference; lastKnownFileType = sourcecode.swift; path = ContentView.swift; sourceTree = "<group>"; };
		089275442A1BAA9300D5AC92 /* Assets.xcassets */ = {isa = PBXFileReference; lastKnownFileType = folder.assetcatalog; path = Assets.xcassets; sourceTree = "<group>"; };
		089275472A1BAA9300D5AC92 /* Preview Assets.xcassets */ = {isa = PBXFileReference; lastKnownFileType = folder.assetcatalog; path = "Preview Assets.xcassets"; sourceTree = "<group>"; };
		08A0B17C2A24ECBB001E1999 /* Stopwatch.swift */ = {isa = PBXFileReference; lastKnownFileType = sourcecode.swift; path = Stopwatch.swift; sourceTree = "<group>"; };
		61426BE52A1D07980007349C /* AlarmeView.swift */ = {isa = PBXFileReference; lastKnownFileType = sourcecode.swift; path = AlarmeView.swift; sourceTree = "<group>"; };
		61426BEC2A1F8AC20007349C /* AdicionarAlarme.swift */ = {isa = PBXFileReference; lastKnownFileType = sourcecode.swift; path = AdicionarAlarme.swift; sourceTree = "<group>"; };
		61426BEE2A20F9180007349C /* DiasDaSemana.swift */ = {isa = PBXFileReference; lastKnownFileType = sourcecode.swift; path = DiasDaSemana.swift; sourceTree = "<group>"; };
		61426BF02A20FADE0007349C /* ListaSons.swift */ = {isa = PBXFileReference; lastKnownFileType = sourcecode.swift; path = ListaSons.swift; sourceTree = "<group>"; };
		D94CABE62A1E49010094B28D /* Relogio.swift */ = {isa = PBXFileReference; lastKnownFileType = sourcecode.swift; path = Relogio.swift; sourceTree = "<group>"; };
		D97E49322A1F767E00CAB3CE /* ListTimeZone.swift */ = {isa = PBXFileReference; lastKnownFileType = sourcecode.swift; path = ListTimeZone.swift; sourceTree = "<group>"; };
		D9AAB5EE2A210DA90025BE58 /* List.swift */ = {isa = PBXFileReference; lastKnownFileType = sourcecode.swift; path = List.swift; sourceTree = "<group>"; };
/* End PBXFileReference section */

/* Begin PBXFrameworksBuildPhase section */
		0892753A2A1BAA9200D5AC92 /* Frameworks */ = {
			isa = PBXFrameworksBuildPhase;
			buildActionMask = 2147483647;
			files = (
			);
			runOnlyForDeploymentPostprocessing = 0;
		};
/* End PBXFrameworksBuildPhase section */

/* Begin PBXGroup section */
		0806E6032A1CD9B300A1EA04 /* TimerFunctionality */ = {
			isa = PBXGroup;
			children = (
				083A2A912A1E39C400C6F8E8 /* Aux */,
				0806E6042A1CD9F300A1EA04 /* TimerFunctionality.swift */,
				083A2A942A1E526F00C6F8E8 /* SongSheet.swift */,
			);
			path = TimerFunctionality;
			sourceTree = "<group>";
		};
		083A2A912A1E39C400C6F8E8 /* Aux */ = {
			isa = PBXGroup;
			children = (
				083A2A922A1E39D100C6F8E8 /* CircularProgress.swift */,
			);
			path = Aux;
			sourceTree = "<group>";
		};
		089275342A1BAA9200D5AC92 = {
			isa = PBXGroup;
			children = (
				0892753F2A1BAA9200D5AC92 /* ClockApp */,
				0892753E2A1BAA9200D5AC92 /* Products */,
			);
			sourceTree = "<group>";
		};
		0892753E2A1BAA9200D5AC92 /* Products */ = {
			isa = PBXGroup;
			children = (
				0892753D2A1BAA9200D5AC92 /* ClockApp.app */,
			);
			name = Products;
			sourceTree = "<group>";
		};
		0892753F2A1BAA9200D5AC92 /* ClockApp */ = {
			isa = PBXGroup;
			children = (
				08A0B17B2A24ECAD001E1999 /* Stopwatch */,
				089275462A1BAA9300D5AC92 /* Preview Content */,
				089275402A1BAA9200D5AC92 /* ClockAppApp.swift */,
				089275422A1BAA9200D5AC92 /* ContentView.swift */,
				61426BEB2A1F79100007349C /* AlarmeView */,
				0806E6032A1CD9B300A1EA04 /* TimerFunctionality */,
				D93E94B12A1CD9C60095E1BA /* Relogio */,
				089275442A1BAA9300D5AC92 /* Assets.xcassets */,
			);
			path = ClockApp;
			sourceTree = "<group>";
		};
		089275462A1BAA9300D5AC92 /* Preview Content */ = {
			isa = PBXGroup;
			children = (
				089275472A1BAA9300D5AC92 /* Preview Assets.xcassets */,
			);
			path = "Preview Content";
			sourceTree = "<group>";
		};
		08A0B17B2A24ECAD001E1999 /* Stopwatch */ = {
			isa = PBXGroup;
			children = (
				08A0B17C2A24ECBB001E1999 /* Stopwatch.swift */,
			);
			path = Stopwatch;
			sourceTree = "<group>";
		};
		61426BEB2A1F79100007349C /* AlarmeView */ = {
			isa = PBXGroup;
			children = (
				61426BE52A1D07980007349C /* AlarmeView.swift */,
				61426BEC2A1F8AC20007349C /* AdicionarAlarme.swift */,
				61426BEE2A20F9180007349C /* DiasDaSemana.swift */,
				61426BF02A20FADE0007349C /* ListaSons.swift */,
			);
			path = AlarmeView;
			sourceTree = "<group>";
		};
		D93E94B12A1CD9C60095E1BA /* Relogio */ = {
			isa = PBXGroup;
			children = (
				D94CABE62A1E49010094B28D /* Relogio.swift */,
				D97E49322A1F767E00CAB3CE /* ListTimeZone.swift */,
				D9AAB5EE2A210DA90025BE58 /* List.swift */,
			);
			path = Relogio;
			sourceTree = "<group>";
		};
/* End PBXGroup section */

/* Begin PBXNativeTarget section */
		0892753C2A1BAA9200D5AC92 /* ClockApp */ = {
			isa = PBXNativeTarget;
			buildConfigurationList = 0892754B2A1BAA9300D5AC92 /* Build configuration list for PBXNativeTarget "ClockApp" */;
			buildPhases = (
				089275392A1BAA9200D5AC92 /* Sources */,
				0892753A2A1BAA9200D5AC92 /* Frameworks */,
				0892753B2A1BAA9200D5AC92 /* Resources */,
			);
			buildRules = (
			);
			dependencies = (
			);
			name = ClockApp;
			productName = ClockApp;
			productReference = 0892753D2A1BAA9200D5AC92 /* ClockApp.app */;
			productType = "com.apple.product-type.application";
		};
/* End PBXNativeTarget section */

/* Begin PBXProject section */
		089275352A1BAA9200D5AC92 /* Project object */ = {
			isa = PBXProject;
			attributes = {
				BuildIndependentTargetsInParallel = 1;
				LastSwiftUpdateCheck = 1420;
				LastUpgradeCheck = 1420;
				TargetAttributes = {
					0892753C2A1BAA9200D5AC92 = {
						CreatedOnToolsVersion = 14.2;
					};
				};
			};
			buildConfigurationList = 089275382A1BAA9200D5AC92 /* Build configuration list for PBXProject "ClockApp" */;
			compatibilityVersion = "Xcode 14.0";
			developmentRegion = en;
			hasScannedForEncodings = 0;
			knownRegions = (
				en,
				Base,
			);
			mainGroup = 089275342A1BAA9200D5AC92;
			productRefGroup = 0892753E2A1BAA9200D5AC92 /* Products */;
			projectDirPath = "";
			projectRoot = "";
			targets = (
				0892753C2A1BAA9200D5AC92 /* ClockApp */,
			);
		};
/* End PBXProject section */

/* Begin PBXResourcesBuildPhase section */
		0892753B2A1BAA9200D5AC92 /* Resources */ = {
			isa = PBXResourcesBuildPhase;
			buildActionMask = 2147483647;
			files = (
				089275482A1BAA9300D5AC92 /* Preview Assets.xcassets in Resources */,
				089275452A1BAA9300D5AC92 /* Assets.xcassets in Resources */,
			);
			runOnlyForDeploymentPostprocessing = 0;
		};
/* End PBXResourcesBuildPhase section */

/* Begin PBXSourcesBuildPhase section */
		089275392A1BAA9200D5AC92 /* Sources */ = {
			isa = PBXSourcesBuildPhase;
			buildActionMask = 2147483647;
			files = (
				61426BF12A20FADE0007349C /* ListaSons.swift in Sources */,
				08A0B17D2A24ECBB001E1999 /* Stopwatch.swift in Sources */,
				61426BE62A1D07980007349C /* AlarmeView.swift in Sources */,
				089275432A1BAA9200D5AC92 /* ContentView.swift in Sources */,
				61426BEF2A20F9180007349C /* DiasDaSemana.swift in Sources */,
				D97E49332A1F767E00CAB3CE /* ListTimeZone.swift in Sources */,
				D9AAB5EF2A210DA90025BE58 /* List.swift in Sources */,
				D94CABE72A1E49010094B28D /* Relogio.swift in Sources */,
				089275412A1BAA9200D5AC92 /* ClockAppApp.swift in Sources */,
				61426BED2A1F8AC20007349C /* AdicionarAlarme.swift in Sources */,
				08C97D6D2A1CFC7D0072880F /* TimerFunctionality.swift in Sources */,
				083A2A932A1E39D100C6F8E8 /* CircularProgress.swift in Sources */,
				083A2A952A1E526F00C6F8E8 /* SongSheet.swift in Sources */,
			);
			runOnlyForDeploymentPostprocessing = 0;
		};
/* End PBXSourcesBuildPhase section */

/* Begin XCBuildConfiguration section */
		089275492A1BAA9300D5AC92 /* Debug */ = {
			isa = XCBuildConfiguration;
			buildSettings = {
				ALWAYS_SEARCH_USER_PATHS = NO;
				CLANG_ANALYZER_NONNULL = YES;
				CLANG_ANALYZER_NUMBER_OBJECT_CONVERSION = YES_AGGRESSIVE;
				CLANG_CXX_LANGUAGE_STANDARD = "gnu++20";
				CLANG_ENABLE_MODULES = YES;
				CLANG_ENABLE_OBJC_ARC = YES;
				CLANG_ENABLE_OBJC_WEAK = YES;
				CLANG_WARN_BLOCK_CAPTURE_AUTORELEASING = YES;
				CLANG_WARN_BOOL_CONVERSION = YES;
				CLANG_WARN_COMMA = YES;
				CLANG_WARN_CONSTANT_CONVERSION = YES;
				CLANG_WARN_DEPRECATED_OBJC_IMPLEMENTATIONS = YES;
				CLANG_WARN_DIRECT_OBJC_ISA_USAGE = YES_ERROR;
				CLANG_WARN_DOCUMENTATION_COMMENTS = YES;
				CLANG_WARN_EMPTY_BODY = YES;
				CLANG_WARN_ENUM_CONVERSION = YES;
				CLANG_WARN_INFINITE_RECURSION = YES;
				CLANG_WARN_INT_CONVERSION = YES;
				CLANG_WARN_NON_LITERAL_NULL_CONVERSION = YES;
				CLANG_WARN_OBJC_IMPLICIT_RETAIN_SELF = YES;
				CLANG_WARN_OBJC_LITERAL_CONVERSION = YES;
				CLANG_WARN_OBJC_ROOT_CLASS = YES_ERROR;
				CLANG_WARN_QUOTED_INCLUDE_IN_FRAMEWORK_HEADER = YES;
				CLANG_WARN_RANGE_LOOP_ANALYSIS = YES;
				CLANG_WARN_STRICT_PROTOTYPES = YES;
				CLANG_WARN_SUSPICIOUS_MOVE = YES;
				CLANG_WARN_UNGUARDED_AVAILABILITY = YES_AGGRESSIVE;
				CLANG_WARN_UNREACHABLE_CODE = YES;
				CLANG_WARN__DUPLICATE_METHOD_MATCH = YES;
				COPY_PHASE_STRIP = NO;
				DEBUG_INFORMATION_FORMAT = dwarf;
				ENABLE_STRICT_OBJC_MSGSEND = YES;
				ENABLE_TESTABILITY = YES;
				GCC_C_LANGUAGE_STANDARD = gnu11;
				GCC_DYNAMIC_NO_PIC = NO;
				GCC_NO_COMMON_BLOCKS = YES;
				GCC_OPTIMIZATION_LEVEL = 0;
				GCC_PREPROCESSOR_DEFINITIONS = (
					"DEBUG=1",
					"$(inherited)",
				);
				GCC_WARN_64_TO_32_BIT_CONVERSION = YES;
				GCC_WARN_ABOUT_RETURN_TYPE = YES_ERROR;
				GCC_WARN_UNDECLARED_SELECTOR = YES;
				GCC_WARN_UNINITIALIZED_AUTOS = YES_AGGRESSIVE;
				GCC_WARN_UNUSED_FUNCTION = YES;
				GCC_WARN_UNUSED_VARIABLE = YES;
				IPHONEOS_DEPLOYMENT_TARGET = 16.2;
				MTL_ENABLE_DEBUG_INFO = INCLUDE_SOURCE;
				MTL_FAST_MATH = YES;
				ONLY_ACTIVE_ARCH = YES;
				SDKROOT = iphoneos;
				SWIFT_ACTIVE_COMPILATION_CONDITIONS = DEBUG;
				SWIFT_OPTIMIZATION_LEVEL = "-Onone";
			};
			name = Debug;
		};
		0892754A2A1BAA9300D5AC92 /* Release */ = {
			isa = XCBuildConfiguration;
			buildSettings = {
				ALWAYS_SEARCH_USER_PATHS = NO;
				CLANG_ANALYZER_NONNULL = YES;
				CLANG_ANALYZER_NUMBER_OBJECT_CONVERSION = YES_AGGRESSIVE;
				CLANG_CXX_LANGUAGE_STANDARD = "gnu++20";
				CLANG_ENABLE_MODULES = YES;
				CLANG_ENABLE_OBJC_ARC = YES;
				CLANG_ENABLE_OBJC_WEAK = YES;
				CLANG_WARN_BLOCK_CAPTURE_AUTORELEASING = YES;
				CLANG_WARN_BOOL_CONVERSION = YES;
				CLANG_WARN_COMMA = YES;
				CLANG_WARN_CONSTANT_CONVERSION = YES;
				CLANG_WARN_DEPRECATED_OBJC_IMPLEMENTATIONS = YES;
				CLANG_WARN_DIRECT_OBJC_ISA_USAGE = YES_ERROR;
				CLANG_WARN_DOCUMENTATION_COMMENTS = YES;
				CLANG_WARN_EMPTY_BODY = YES;
				CLANG_WARN_ENUM_CONVERSION = YES;
				CLANG_WARN_INFINITE_RECURSION = YES;
				CLANG_WARN_INT_CONVERSION = YES;
				CLANG_WARN_NON_LITERAL_NULL_CONVERSION = YES;
				CLANG_WARN_OBJC_IMPLICIT_RETAIN_SELF = YES;
				CLANG_WARN_OBJC_LITERAL_CONVERSION = YES;
				CLANG_WARN_OBJC_ROOT_CLASS = YES_ERROR;
				CLANG_WARN_QUOTED_INCLUDE_IN_FRAMEWORK_HEADER = YES;
				CLANG_WARN_RANGE_LOOP_ANALYSIS = YES;
				CLANG_WARN_STRICT_PROTOTYPES = YES;
				CLANG_WARN_SUSPICIOUS_MOVE = YES;
				CLANG_WARN_UNGUARDED_AVAILABILITY = YES_AGGRESSIVE;
				CLANG_WARN_UNREACHABLE_CODE = YES;
				CLANG_WARN__DUPLICATE_METHOD_MATCH = YES;
				COPY_PHASE_STRIP = NO;
				DEBUG_INFORMATION_FORMAT = "dwarf-with-dsym";
				ENABLE_NS_ASSERTIONS = NO;
				ENABLE_STRICT_OBJC_MSGSEND = YES;
				GCC_C_LANGUAGE_STANDARD = gnu11;
				GCC_NO_COMMON_BLOCKS = YES;
				GCC_WARN_64_TO_32_BIT_CONVERSION = YES;
				GCC_WARN_ABOUT_RETURN_TYPE = YES_ERROR;
				GCC_WARN_UNDECLARED_SELECTOR = YES;
				GCC_WARN_UNINITIALIZED_AUTOS = YES_AGGRESSIVE;
				GCC_WARN_UNUSED_FUNCTION = YES;
				GCC_WARN_UNUSED_VARIABLE = YES;
				IPHONEOS_DEPLOYMENT_TARGET = 16.2;
				MTL_ENABLE_DEBUG_INFO = NO;
				MTL_FAST_MATH = YES;
				SDKROOT = iphoneos;
				SWIFT_COMPILATION_MODE = wholemodule;
				SWIFT_OPTIMIZATION_LEVEL = "-O";
				VALIDATE_PRODUCT = YES;
			};
			name = Release;
		};
		0892754C2A1BAA9300D5AC92 /* Debug */ = {
			isa = XCBuildConfiguration;
			buildSettings = {
				ASSETCATALOG_COMPILER_APPICON_NAME = AppIcon;
				ASSETCATALOG_COMPILER_GLOBAL_ACCENT_COLOR_NAME = AccentColor;
				CODE_SIGN_STYLE = Automatic;
				CURRENT_PROJECT_VERSION = 1;
				DEVELOPMENT_ASSET_PATHS = "\"ClockApp/Preview Content\"";
				DEVELOPMENT_TEAM = X375XF3WN3;
				ENABLE_PREVIEWS = YES;
				GENERATE_INFOPLIST_FILE = YES;
				INFOPLIST_KEY_UIApplicationSceneManifest_Generation = YES;
				INFOPLIST_KEY_UIApplicationSupportsIndirectInputEvents = YES;
				INFOPLIST_KEY_UILaunchScreen_Generation = YES;
				INFOPLIST_KEY_UISupportedInterfaceOrientations = UIInterfaceOrientationPortrait;
				INFOPLIST_KEY_UISupportedInterfaceOrientations_iPad = "UIInterfaceOrientationLandscapeLeft UIInterfaceOrientationLandscapeRight UIInterfaceOrientationPortrait UIInterfaceOrientationPortraitUpsideDown";
				INFOPLIST_KEY_UIUserInterfaceStyle = Dark;
				LD_RUNPATH_SEARCH_PATHS = (
					"$(inherited)",
					"@executable_path/Frameworks",
				);
				MARKETING_VERSION = 1.0;
				PRODUCT_BUNDLE_IDENTIFIER = com.Chronos.ClockApp;
				PRODUCT_NAME = "$(TARGET_NAME)";
				SUPPORTED_PLATFORMS = "iphoneos iphonesimulator";
				SUPPORTS_MACCATALYST = NO;
				SUPPORTS_MAC_DESIGNED_FOR_IPHONE_IPAD = NO;
				SWIFT_EMIT_LOC_STRINGS = YES;
				SWIFT_VERSION = 5.0;
				TARGETED_DEVICE_FAMILY = 1;
			};
			name = Debug;
		};
		0892754D2A1BAA9300D5AC92 /* Release */ = {
			isa = XCBuildConfiguration;
			buildSettings = {
				ASSETCATALOG_COMPILER_APPICON_NAME = AppIcon;
				ASSETCATALOG_COMPILER_GLOBAL_ACCENT_COLOR_NAME = AccentColor;
				CODE_SIGN_STYLE = Automatic;
				CURRENT_PROJECT_VERSION = 1;
				DEVELOPMENT_ASSET_PATHS = "\"ClockApp/Preview Content\"";
				DEVELOPMENT_TEAM = X375XF3WN3;
				ENABLE_PREVIEWS = YES;
				GENERATE_INFOPLIST_FILE = YES;
				INFOPLIST_KEY_UIApplicationSceneManifest_Generation = YES;
				INFOPLIST_KEY_UIApplicationSupportsIndirectInputEvents = YES;
				INFOPLIST_KEY_UILaunchScreen_Generation = YES;
				INFOPLIST_KEY_UISupportedInterfaceOrientations = UIInterfaceOrientationPortrait;
				INFOPLIST_KEY_UISupportedInterfaceOrientations_iPad = "UIInterfaceOrientationLandscapeLeft UIInterfaceOrientationLandscapeRight UIInterfaceOrientationPortrait UIInterfaceOrientationPortraitUpsideDown";
				INFOPLIST_KEY_UIUserInterfaceStyle = Dark;
				LD_RUNPATH_SEARCH_PATHS = (
					"$(inherited)",
					"@executable_path/Frameworks",
				);
				MARKETING_VERSION = 1.0;
				PRODUCT_BUNDLE_IDENTIFIER = com.Chronos.ClockApp;
				PRODUCT_NAME = "$(TARGET_NAME)";
				SUPPORTED_PLATFORMS = "iphoneos iphonesimulator";
				SUPPORTS_MACCATALYST = NO;
				SUPPORTS_MAC_DESIGNED_FOR_IPHONE_IPAD = NO;
				SWIFT_EMIT_LOC_STRINGS = YES;
				SWIFT_VERSION = 5.0;
				TARGETED_DEVICE_FAMILY = 1;
			};
			name = Release;
		};
/* End XCBuildConfiguration section */

/* Begin XCConfigurationList section */
		089275382A1BAA9200D5AC92 /* Build configuration list for PBXProject "ClockApp" */ = {
			isa = XCConfigurationList;
			buildConfigurations = (
				089275492A1BAA9300D5AC92 /* Debug */,
				0892754A2A1BAA9300D5AC92 /* Release */,
			);
			defaultConfigurationIsVisible = 0;
			defaultConfigurationName = Release;
		};
		0892754B2A1BAA9300D5AC92 /* Build configuration list for PBXNativeTarget "ClockApp" */ = {
			isa = XCConfigurationList;
			buildConfigurations = (
				0892754C2A1BAA9300D5AC92 /* Debug */,
				0892754D2A1BAA9300D5AC92 /* Release */,
			);
			defaultConfigurationIsVisible = 0;
			defaultConfigurationName = Release;
		};
/* End XCConfigurationList section */
	};
	rootObject = 089275352A1BAA9200D5AC92 /* Project object */;
}
